
Microsoft Visual Studio Solution File, Format Version 12.00
# Visual Studio Version 16
VisualStudioVersion = 16.0.29020.237
MinimumVisualStudioVersion = 10.0.40219.1
Project("{FAE04EC0-301F-11D3-BF4B-00C04F79EFBC}") = "System.Web.WebPages.Deployment", "System.Web.WebPages.Deployment\System.Web.WebPages.Deployment.csproj", "{D8ABB2E6-8291-4801-AF66-FAF450D359C8}"
EndProject
Project("{FAE04EC0-301F-11D3-BF4B-00C04F79EFBC}") = "System.Web.Razor", "System.Web.Razor\System.Web.Razor.csproj", "{CB55764D-FFA2-4CC8-B467-0274BFE5A643}"
EndProject
Project("{FAE04EC0-301F-11D3-BF4B-00C04F79EFBC}") = "System.Web.WebPages", "System.Web.WebPages\System.Web.WebPages.csproj", "{B87C54F7-339B-4E81-B603-05AD1AB58367}"
EndProject
Project("{FAE04EC0-301F-11D3-BF4B-00C04F79EFBC}") = "System.Web.WebPages.Razor", "System.Web.WebPages.Razor\System.Web.WebPages.Razor.csproj", "{38B69C83-B799-46DC-B4CF-19C8FA88A622}"
EndProject
Project("{FAE04EC0-301F-11D3-BF4B-00C04F79EFBC}") = "System.Web.Mvc", "System.Web.Mvc\System.Web.Mvc.csproj", "{CC4C9AA5-404A-4113-9E34-A9A65920BB9F}"
EndProject
Project("{FAE04EC0-301F-11D3-BF4B-00C04F79EFBC}") = "AspNetMvcSourceDiySample", "AspNetMvcSourceDiySample\AspNetMvcSourceDiySample.csproj", "{A6F11557-2076-4A93-BC8F-A4D14AEC7002}"
EndProject
Global
	GlobalSection(SolutionConfigurationPlatforms) = preSolution
		Debug|Any CPU = Debug|Any CPU
		Release|Any CPU = Release|Any CPU
	EndGlobalSection
	GlobalSection(ProjectConfigurationPlatforms) = postSolution
		{D8ABB2E6-8291-4801-AF66-FAF450D359C8}.Debug|Any CPU.ActiveCfg = Debug|Any CPU
		{D8ABB2E6-8291-4801-AF66-FAF450D359C8}.Debug|Any CPU.Build.0 = Debug|Any CPU
		{D8ABB2E6-8291-4801-AF66-FAF450D359C8}.Release|Any CPU.ActiveCfg = Release|Any CPU
		{D8ABB2E6-8291-4801-AF66-FAF450D359C8}.Release|Any CPU.Build.0 = Release|Any CPU
		{CB55764D-FFA2-4CC8-B467-0274BFE5A643}.Debug|Any CPU.ActiveCfg = Debug|Any CPU
		{CB55764D-FFA2-4CC8-B467-0274BFE5A643}.Debug|Any CPU.Build.0 = Debug|Any CPU
		{CB55764D-FFA2-4CC8-B467-0274BFE5A643}.Release|Any CPU.ActiveCfg = Release|Any CPU
		{CB55764D-FFA2-4CC8-B467-0274BFE5A643}.Release|Any CPU.Build.0 = Release|Any CPU
		{B87C54F7-339B-4E81-B603-05AD1AB58367}.Debug|Any CPU.ActiveCfg = Debug|Any CPU
		{B87C54F7-339B-4E81-B603-05AD1AB58367}.Debug|Any CPU.Build.0 = Debug|Any CPU
		{B87C54F7-339B-4E81-B603-05AD1AB58367}.Release|Any CPU.ActiveCfg = Release|Any CPU
		{B87C54F7-339B-4E81-B603-05AD1AB58367}.Release|Any CPU.Build.0 = Release|Any CPU
		{38B69C83-B799-46DC-B4CF-19C8FA88A622}.Debug|Any CPU.ActiveCfg = Debug|Any CPU
		{38B69C83-B799-46DC-B4CF-19C8FA88A622}.Debug|Any CPU.Build.0 = Debug|Any CPU
		{38B69C83-B799-46DC-B4CF-19C8FA88A622}.Release|Any CPU.ActiveCfg = Release|Any CPU
		{38B69C83-B799-46DC-B4CF-19C8FA88A622}.Release|Any CPU.Build.0 = Release|Any CPU
		{CC4C9AA5-404A-4113-9E34-A9A65920BB9F}.Debug|Any CPU.ActiveCfg = Debug|Any CPU
		{CC4C9AA5-404A-4113-9E34-A9A65920BB9F}.Debug|Any CPU.Build.0 = Debug|Any CPU
		{CC4C9AA5-404A-4113-9E34-A9A65920BB9F}.Release|Any CPU.ActiveCfg = Release|Any CPU
		{CC4C9AA5-404A-4113-9E34-A9A65920BB9F}.Release|Any CPU.Build.0 = Release|Any CPU
		{A6F11557-2076-4A93-BC8F-A4D14AEC7002}.Debug|Any CPU.ActiveCfg = Debug|Any CPU
		{A6F11557-2076-4A93-BC8F-A4D14AEC7002}.Debug|Any CPU.Build.0 = Debug|Any CPU
		{A6F11557-2076-4A93-BC8F-A4D14AEC7002}.Release|Any CPU.ActiveCfg = Release|Any CPU
		{A6F11557-2076-4A93-BC8F-A4D14AEC7002}.Release|Any CPU.Build.0 = Release|Any CPU
	EndGlobalSection
	GlobalSection(SolutionProperties) = preSolution
		HideSolutionNode = FALSE
	EndGlobalSection
	GlobalSection(ExtensibilityGlobals) = postSolution
		SolutionGuid = {07A17072-83A2-47AE-B798-AF3EBEFC590A}
	EndGlobalSection
EndGlobal
